
Microsoft Visual Studio Solution File, Format Version 11.00
# Visual Studio 2010
Project("{8BC9CEB8-8B4A-11D0-8D11-00A0C91BC942}") = "global_variable_increasing_10000_times", "global_variable_increasing_10000_times.vcxproj", "{66A9CB68-7583-4BD8-876A-17CEE472814E}"
EndProject
Global
	GlobalSection(SolutionConfigurationPlatforms) = preSolution
		Debug|Win32 = Debug|Win32
		Release|Win32 = Release|Win32
	EndGlobalSection
	GlobalSection(ProjectConfigurationPlatforms) = postSolution
		{66A9CB68-7583-4BD8-876A-17CEE472814E}.Debug|Win32.ActiveCfg = Debug|Win32
		{66A9CB68-7583-4BD8-876A-17CEE472814E}.Debug|Win32.Build.0 = Debug|Win32
		{66A9CB68-7583-4BD8-876A-17CEE472814E}.Release|Win32.ActiveCfg = Release|Win32
		{66A9CB68-7583-4BD8-876A-17CEE472814E}.Release|Win32.Build.0 = Release|Win32
	EndGlobalSection
	GlobalSection(SolutionProperties) = preSolution
		HideSolutionNode = FALSE
	EndGlobalSection
EndGlobal
